<?xml version="1.0" encoding="utf-8"?>
<Project ToolsVersion="4.0" xmlns="http://schemas.microsoft.com/developer/msbuild/2003">
  <ItemGroup>
    <Filter Include="Source Files">
      <UniqueIdentifier>{72e8f4d2-d937-4a79-8a1a-2af10ab88ad5}</UniqueIdentifier>
      <Extensions>cpp;c;cxx;rc;def;r;odl;idl;hpj;bat</Extensions>
    </Filter>
    <Filter Include="Header Files">
      <UniqueIdentifier>{a1ae3300-d0b2-4a7f-a521-9bd1d79e6dec}</UniqueIdentifier>
      <Extensions>h;hpp;hxx;hm;inl</Extensions>
    </Filter>
    <Filter Include="Resource Files">
      <UniqueIdentifier>{48e83641-2055-4283-975e-410fc0d96fe8}</UniqueIdentifier>
      <Extensions>ico;cur;bmp;dlg;rc2;rct;bin;rgs;gif;jpg;jpeg;jpe</Extensions>
    </Filter>
  </ItemGroup>
  <ItemGroup>
    <ClCompile Include="3ds.cpp">
      <Filter>Source Files</Filter>
    </ClCompile>
    <ClCompile Include="BMP.cpp">
      <Filter>Source Files</Filter>
    </ClCompile>
    <ClCompile Include="Camera.cpp">
      <Filter>Source Files</Filter>
    </ClCompile>
    <ClCompile Include="Main.cpp">
      <Filter>Source Files</Filter>
    </ClCompile>
    <ClCompile Include="Md2.cpp">
      <Filter>Source Files</Filter>
    </ClCompile>
    <ClCompile Include="h\TGA.cpp">
      <Filter>Source Files</Filter>
    </ClCompile>
  </ItemGroup>
  <ItemGroup>
    <ClInclude Include="h\3ds.h">
      <Filter>Header Files</Filter>
    </ClInclude>
    <ClInclude Include="h\3dsound.h">
      <Filter>Header Files</Filter>
    </ClInclude>
    <ClInclude Include="h\BMP.h">
      <Filter>Header Files</Filter>
    </ClInclude>
    <ClInclude Include="h\character.h">
      <Filter>Header Files</Filter>
    </ClInclude>
    <ClInclude Include="h\Fmod.h">
      <Filter>Header Files</Filter>
    </ClInclude>
    <ClInclude Include="h\fmod_errors.h">
      <Filter>Header Files</Filter>
    </ClInclude>
    <ClInclude Include="h\Main.h">
      <Filter>Header Files</Filter>
    </ClInclude>
    <ClInclude Include="h\Md2.h">
      <Filter>Header Files</Filter>
    </ClInclude>
    <ClInclude Include="h\model3ds.h">
      <Filter>Header Files</Filter>
    </ClInclude>
    <ClInclude Include="h\modelmd2.h">
      <Filter>Header Files</Filter>
    </ClInclude>
    <ClInclude Include="h\TGA.h">
      <Filter>Header Files</Filter>
    </ClInclude>
    <ClInclude Include="h\glaux.h">
      <Filter>Header Files</Filter>
    </ClInclude>
  </ItemGroup>
</Project>